// !$*UTF8*$!
{
	archiveVersion = 1;
	classes = {
	};
	objectVersion = 56;
	objects = {

/* Begin PBXBuildFile section */
		756C569D2A9DE7CB00B8BBDA /* AppDelegate.swift in Sources */ = {isa = PBXBuildFile; fileRef = 756C569C2A9DE7CB00B8BBDA /* AppDelegate.swift */; };
		756C569F2A9DE7CB00B8BBDA /* SceneDelegate.swift in Sources */ = {isa = PBXBuildFile; fileRef = 756C569E2A9DE7CB00B8BBDA /* SceneDelegate.swift */; };
		756C56A12A9DE7CB00B8BBDA /* ViewController.swift in Sources */ = {isa = PBXBuildFile; fileRef = 756C56A02A9DE7CB00B8BBDA /* ViewController.swift */; };
		756C56A42A9DE7CB00B8BBDA /* Main.storyboard in Resources */ = {isa = PBXBuildFile; fileRef = 756C56A22A9DE7CB00B8BBDA /* Main.storyboard */; };
		756C56A62A9DE7CC00B8BBDA /* Assets.xcassets in Resources */ = {isa = PBXBuildFile; fileRef = 756C56A52A9DE7CC00B8BBDA /* Assets.xcassets */; };
		756C56A92A9DE7CC00B8BBDA /* LaunchScreen.storyboard in Resources */ = {isa = PBXBuildFile; fileRef = 756C56A72A9DE7CC00B8BBDA /* LaunchScreen.storyboard */; };
		756C56B72A9DF16000B8BBDA /* APIClient.swift in Sources */ = {isa = PBXBuildFile; fileRef = 756C56B62A9DF16000B8BBDA /* APIClient.swift */; };
		756C56B92A9DF80200B8BBDA /* CharacterModelResponse.swift in Sources */ = {isa = PBXBuildFile; fileRef = 756C56B82A9DF80200B8BBDA /* CharacterModelResponse.swift */; };
		756C56BD2A9DF86400B8BBDA /* CharacterModel.swift in Sources */ = {isa = PBXBuildFile; fileRef = 756C56BC2A9DF86400B8BBDA /* CharacterModel.swift */; };
		756C56BF2A9DF94500B8BBDA /* CharactersListView.swift in Sources */ = {isa = PBXBuildFile; fileRef = 756C56BE2A9DF94500B8BBDA /* CharactersListView.swift */; };
		756C56C12A9E014800B8BBDA /* CharacterListCellView.swift in Sources */ = {isa = PBXBuildFile; fileRef = 756C56C02A9E014800B8BBDA /* CharacterListCellView.swift */; };
/* End PBXBuildFile section */

/* Begin PBXFileReference section */
		756C56992A9DE7CB00B8BBDA /* RickAndMorty-Characters.app */ = {isa = PBXFileReference; explicitFileType = wrapper.application; includeInIndex = 0; path = "RickAndMorty-Characters.app"; sourceTree = BUILT_PRODUCTS_DIR; };
		756C569C2A9DE7CB00B8BBDA /* AppDelegate.swift */ = {isa = PBXFileReference; lastKnownFileType = sourcecode.swift; path = AppDelegate.swift; sourceTree = "<group>"; };
		756C569E2A9DE7CB00B8BBDA /* SceneDelegate.swift */ = {isa = PBXFileReference; lastKnownFileType = sourcecode.swift; path = SceneDelegate.swift; sourceTree = "<group>"; };
		756C56A02A9DE7CB00B8BBDA /* ViewController.swift */ = {isa = PBXFileReference; lastKnownFileType = sourcecode.swift; path = ViewController.swift; sourceTree = "<group>"; };
		756C56A32A9DE7CB00B8BBDA /* Base */ = {isa = PBXFileReference; lastKnownFileType = file.storyboard; name = Base; path = Base.lproj/Main.storyboard; sourceTree = "<group>"; };
		756C56A52A9DE7CC00B8BBDA /* Assets.xcassets */ = {isa = PBXFileReference; lastKnownFileType = folder.assetcatalog; path = Assets.xcassets; sourceTree = "<group>"; };
		756C56A82A9DE7CC00B8BBDA /* Base */ = {isa = PBXFileReference; lastKnownFileType = file.storyboard; name = Base; path = Base.lproj/LaunchScreen.storyboard; sourceTree = "<group>"; };
		756C56AA2A9DE7CC00B8BBDA /* Info.plist */ = {isa = PBXFileReference; lastKnownFileType = text.plist.xml; path = Info.plist; sourceTree = "<group>"; };
		756C56B62A9DF16000B8BBDA /* APIClient.swift */ = {isa = PBXFileReference; lastKnownFileType = sourcecode.swift; path = APIClient.swift; sourceTree = "<group>"; };
		756C56B82A9DF80200B8BBDA /* CharacterModelResponse.swift */ = {isa = PBXFileReference; lastKnownFileType = sourcecode.swift; path = CharacterModelResponse.swift; sourceTree = "<group>"; };
		756C56BC2A9DF86400B8BBDA /* CharacterModel.swift */ = {isa = PBXFileReference; lastKnownFileType = sourcecode.swift; path = CharacterModel.swift; sourceTree = "<group>"; };
		756C56BE2A9DF94500B8BBDA /* CharactersListView.swift */ = {isa = PBXFileReference; lastKnownFileType = sourcecode.swift; path = CharactersListView.swift; sourceTree = "<group>"; };
		756C56C02A9E014800B8BBDA /* CharacterListCellView.swift */ = {isa = PBXFileReference; lastKnownFileType = sourcecode.swift; path = CharacterListCellView.swift; sourceTree = "<group>"; };
/* End PBXFileReference section */

/* Begin PBXFrameworksBuildPhase section */
		756C56962A9DE7CB00B8BBDA /* Frameworks */ = {
			isa = PBXFrameworksBuildPhase;
			buildActionMask = 2147483647;
			files = (
			);
			runOnlyForDeploymentPostprocessing = 0;
		};
/* End PBXFrameworksBuildPhase section */

/* Begin PBXGroup section */
		756C56902A9DE7CB00B8BBDA = {
			isa = PBXGroup;
			children = (
				756C569B2A9DE7CB00B8BBDA /* RickAndMorty-Characters */,
				756C569A2A9DE7CB00B8BBDA /* Products */,
			);
			sourceTree = "<group>";
		};
		756C569A2A9DE7CB00B8BBDA /* Products */ = {
			isa = PBXGroup;
			children = (
				756C56992A9DE7CB00B8BBDA /* RickAndMorty-Characters.app */,
			);
			name = Products;
			sourceTree = "<group>";
		};
		756C569B2A9DE7CB00B8BBDA /* RickAndMorty-Characters */ = {
			isa = PBXGroup;
			children = (
				756C569C2A9DE7CB00B8BBDA /* AppDelegate.swift */,
				756C569E2A9DE7CB00B8BBDA /* SceneDelegate.swift */,
				756C56B32A9DF0D100B8BBDA /* Model */,
				756C56B42A9DF0D600B8BBDA /* View */,
				756C56B52A9DF0DB00B8BBDA /* Controller */,
				756C56A52A9DE7CC00B8BBDA /* Assets.xcassets */,
				756C56A72A9DE7CC00B8BBDA /* LaunchScreen.storyboard */,
				756C56AA2A9DE7CC00B8BBDA /* Info.plist */,
			);
			path = "RickAndMorty-Characters";
			sourceTree = "<group>";
		};
		756C56B32A9DF0D100B8BBDA /* Model */ = {
			isa = PBXGroup;
			children = (
				756C56B62A9DF16000B8BBDA /* APIClient.swift */,
				756C56B82A9DF80200B8BBDA /* CharacterModelResponse.swift */,
				756C56BC2A9DF86400B8BBDA /* CharacterModel.swift */,
			);
			path = Model;
			sourceTree = "<group>";
		};
		756C56B42A9DF0D600B8BBDA /* View */ = {
			isa = PBXGroup;
			children = (
				756C56BE2A9DF94500B8BBDA /* CharactersListView.swift */,
				756C56C02A9E014800B8BBDA /* CharacterListCellView.swift */,
				756C56A22A9DE7CB00B8BBDA /* Main.storyboard */,
			);
			path = View;
			sourceTree = "<group>";
		};
		756C56B52A9DF0DB00B8BBDA /* Controller */ = {
			isa = PBXGroup;
			children = (
				756C56A02A9DE7CB00B8BBDA /* ViewController.swift */,
			);
			path = Controller;
			sourceTree = "<group>";
		};
/* End PBXGroup section */

/* Begin PBXNativeTarget section */
		756C56982A9DE7CB00B8BBDA /* RickAndMorty-Characters */ = {
			isa = PBXNativeTarget;
			buildConfigurationList = 756C56AD2A9DE7CC00B8BBDA /* Build configuration list for PBXNativeTarget "RickAndMorty-Characters" */;
			buildPhases = (
				756C56952A9DE7CB00B8BBDA /* Sources */,
				756C56962A9DE7CB00B8BBDA /* Frameworks */,
				756C56972A9DE7CB00B8BBDA /* Resources */,
			);
			buildRules = (
			);
			dependencies = (
			);
			name = "RickAndMorty-Characters";
			productName = "RickAndMorty-Characters";
			productReference = 756C56992A9DE7CB00B8BBDA /* RickAndMorty-Characters.app */;
			productType = "com.apple.product-type.application";
		};
/* End PBXNativeTarget section */

/* Begin PBXProject section */
		756C56912A9DE7CB00B8BBDA /* Project object */ = {
			isa = PBXProject;
			attributes = {
				BuildIndependentTargetsInParallel = 1;
				LastSwiftUpdateCheck = 1430;
				LastUpgradeCheck = 1430;
				TargetAttributes = {
					756C56982A9DE7CB00B8BBDA = {
						CreatedOnToolsVersion = 14.3.1;
					};
				};
			};
			buildConfigurationList = 756C56942A9DE7CB00B8BBDA /* Build configuration list for PBXProject "RickAndMorty-Characters" */;
			compatibilityVersion = "Xcode 14.0";
			developmentRegion = en;
			hasScannedForEncodings = 0;
			knownRegions = (
				en,
				Base,
			);
			mainGroup = 756C56902A9DE7CB00B8BBDA;
			productRefGroup = 756C569A2A9DE7CB00B8BBDA /* Products */;
			projectDirPath = "";
			projectRoot = "";
			targets = (
				756C56982A9DE7CB00B8BBDA /* RickAndMorty-Characters */,
			);
		};
/* End PBXProject section */

/* Begin PBXResourcesBuildPhase section */
		756C56972A9DE7CB00B8BBDA /* Resources */ = {
			isa = PBXResourcesBuildPhase;
			buildActionMask = 2147483647;
			files = (
				756C56A92A9DE7CC00B8BBDA /* LaunchScreen.storyboard in Resources */,
				756C56A62A9DE7CC00B8BBDA /* Assets.xcassets in Resources */,
				756C56A42A9DE7CB00B8BBDA /* Main.storyboard in Resources */,
			);
			runOnlyForDeploymentPostprocessing = 0;
		};
/* End PBXResourcesBuildPhase section */

/* Begin PBXSourcesBuildPhase section */
		756C56952A9DE7CB00B8BBDA /* Sources */ = {
			isa = PBXSourcesBuildPhase;
			buildActionMask = 2147483647;
			files = (
				756C56B92A9DF80200B8BBDA /* CharacterModelResponse.swift in Sources */,
				756C56A12A9DE7CB00B8BBDA /* ViewController.swift in Sources */,
				756C56C12A9E014800B8BBDA /* CharacterListCellView.swift in Sources */,
				756C569D2A9DE7CB00B8BBDA /* AppDelegate.swift in Sources */,
				756C56BD2A9DF86400B8BBDA /* CharacterModel.swift in Sources */,
				756C56BF2A9DF94500B8BBDA /* CharactersListView.swift in Sources */,
				756C569F2A9DE7CB00B8BBDA /* SceneDelegate.swift in Sources */,
				756C56B72A9DF16000B8BBDA /* APIClient.swift in Sources */,
			);
			runOnlyForDeploymentPostprocessing = 0;
		};
/* End PBXSourcesBuildPhase section */

/* Begin PBXVariantGroup section */
		756C56A22A9DE7CB00B8BBDA /* Main.storyboard */ = {
			isa = PBXVariantGroup;
			children = (
				756C56A32A9DE7CB00B8BBDA /* Base */,
			);
			name = Main.storyboard;
			sourceTree = "<group>";
		};
		756C56A72A9DE7CC00B8BBDA /* LaunchScreen.storyboard */ = {
			isa = PBXVariantGroup;
			children = (
				756C56A82A9DE7CC00B8BBDA /* Base */,
			);
			name = LaunchScreen.storyboard;
			sourceTree = "<group>";
		};
/* End PBXVariantGroup section */

/* Begin XCBuildConfiguration section */
		756C56AB2A9DE7CC00B8BBDA /* Debug */ = {
			isa = XCBuildConfiguration;
			buildSettings = {
				ALWAYS_SEARCH_USER_PATHS = NO;
				CLANG_ANALYZER_NONNULL = YES;
				CLANG_ANALYZER_NUMBER_OBJECT_CONVERSION = YES_AGGRESSIVE;
				CLANG_CXX_LANGUAGE_STANDARD = "gnu++20";
				CLANG_ENABLE_MODULES = YES;
				CLANG_ENABLE_OBJC_ARC = YES;
				CLANG_ENABLE_OBJC_WEAK = YES;
				CLANG_WARN_BLOCK_CAPTURE_AUTORELEASING = YES;
				CLANG_WARN_BOOL_CONVERSION = YES;
				CLANG_WARN_COMMA = YES;
				CLANG_WARN_CONSTANT_CONVERSION = YES;
				CLANG_WARN_DEPRECATED_OBJC_IMPLEMENTATIONS = YES;
				CLANG_WARN_DIRECT_OBJC_ISA_USAGE = YES_ERROR;
				CLANG_WARN_DOCUMENTATION_COMMENTS = YES;
				CLANG_WARN_EMPTY_BODY = YES;
				CLANG_WARN_ENUM_CONVERSION = YES;
				CLANG_WARN_INFINITE_RECURSION = YES;
				CLANG_WARN_INT_CONVERSION = YES;
				CLANG_WARN_NON_LITERAL_NULL_CONVERSION = YES;
				CLANG_WARN_OBJC_IMPLICIT_RETAIN_SELF = YES;
				CLANG_WARN_OBJC_LITERAL_CONVERSION = YES;
				CLANG_WARN_OBJC_ROOT_CLASS = YES_ERROR;
				CLANG_WARN_QUOTED_INCLUDE_IN_FRAMEWORK_HEADER = YES;
				CLANG_WARN_RANGE_LOOP_ANALYSIS = YES;
				CLANG_WARN_STRICT_PROTOTYPES = YES;
				CLANG_WARN_SUSPICIOUS_MOVE = YES;
				CLANG_WARN_UNGUARDED_AVAILABILITY = YES_AGGRESSIVE;
				CLANG_WARN_UNREACHABLE_CODE = YES;
				CLANG_WARN__DUPLICATE_METHOD_MATCH = YES;
				COPY_PHASE_STRIP = NO;
				DEBUG_INFORMATION_FORMAT = dwarf;
				ENABLE_STRICT_OBJC_MSGSEND = YES;
				ENABLE_TESTABILITY = YES;
				GCC_C_LANGUAGE_STANDARD = gnu11;
				GCC_DYNAMIC_NO_PIC = NO;
				GCC_NO_COMMON_BLOCKS = YES;
				GCC_OPTIMIZATION_LEVEL = 0;
				GCC_PREPROCESSOR_DEFINITIONS = (
					"DEBUG=1",
					"$(inherited)",
				);
				GCC_WARN_64_TO_32_BIT_CONVERSION = YES;
				GCC_WARN_ABOUT_RETURN_TYPE = YES_ERROR;
				GCC_WARN_UNDECLARED_SELECTOR = YES;
				GCC_WARN_UNINITIALIZED_AUTOS = YES_AGGRESSIVE;
				GCC_WARN_UNUSED_FUNCTION = YES;
				GCC_WARN_UNUSED_VARIABLE = YES;
				IPHONEOS_DEPLOYMENT_TARGET = 16.4;
				MTL_ENABLE_DEBUG_INFO = INCLUDE_SOURCE;
				MTL_FAST_MATH = YES;
				ONLY_ACTIVE_ARCH = YES;
				SDKROOT = iphoneos;
				SWIFT_ACTIVE_COMPILATION_CONDITIONS = DEBUG;
				SWIFT_OPTIMIZATION_LEVEL = "-Onone";
			};
			name = Debug;
		};
		756C56AC2A9DE7CC00B8BBDA /* Release */ = {
			isa = XCBuildConfiguration;
			buildSettings = {
				ALWAYS_SEARCH_USER_PATHS = NO;
				CLANG_ANALYZER_NONNULL = YES;
				CLANG_ANALYZER_NUMBER_OBJECT_CONVERSION = YES_AGGRESSIVE;
				CLANG_CXX_LANGUAGE_STANDARD = "gnu++20";
				CLANG_ENABLE_MODULES = YES;
				CLANG_ENABLE_OBJC_ARC = YES;
				CLANG_ENABLE_OBJC_WEAK = YES;
				CLANG_WARN_BLOCK_CAPTURE_AUTORELEASING = YES;
				CLANG_WARN_BOOL_CONVERSION = YES;
				CLANG_WARN_COMMA = YES;
				CLANG_WARN_CONSTANT_CONVERSION = YES;
				CLANG_WARN_DEPRECATED_OBJC_IMPLEMENTATIONS = YES;
				CLANG_WARN_DIRECT_OBJC_ISA_USAGE = YES_ERROR;
				CLANG_WARN_DOCUMENTATION_COMMENTS = YES;
				CLANG_WARN_EMPTY_BODY = YES;
				CLANG_WARN_ENUM_CONVERSION = YES;
				CLANG_WARN_INFINITE_RECURSION = YES;
				CLANG_WARN_INT_CONVERSION = YES;
				CLANG_WARN_NON_LITERAL_NULL_CONVERSION = YES;
				CLANG_WARN_OBJC_IMPLICIT_RETAIN_SELF = YES;
				CLANG_WARN_OBJC_LITERAL_CONVERSION = YES;
				CLANG_WARN_OBJC_ROOT_CLASS = YES_ERROR;
				CLANG_WARN_QUOTED_INCLUDE_IN_FRAMEWORK_HEADER = YES;
				CLANG_WARN_RANGE_LOOP_ANALYSIS = YES;
				CLANG_WARN_STRICT_PROTOTYPES = YES;
				CLANG_WARN_SUSPICIOUS_MOVE = YES;
				CLANG_WARN_UNGUARDED_AVAILABILITY = YES_AGGRESSIVE;
				CLANG_WARN_UNREACHABLE_CODE = YES;
				CLANG_WARN__DUPLICATE_METHOD_MATCH = YES;
				COPY_PHASE_STRIP = NO;
				DEBUG_INFORMATION_FORMAT = "dwarf-with-dsym";
				ENABLE_NS_ASSERTIONS = NO;
				ENABLE_STRICT_OBJC_MSGSEND = YES;
				GCC_C_LANGUAGE_STANDARD = gnu11;
				GCC_NO_COMMON_BLOCKS = YES;
				GCC_WARN_64_TO_32_BIT_CONVERSION = YES;
				GCC_WARN_ABOUT_RETURN_TYPE = YES_ERROR;
				GCC_WARN_UNDECLARED_SELECTOR = YES;
				GCC_WARN_UNINITIALIZED_AUTOS = YES_AGGRESSIVE;
				GCC_WARN_UNUSED_FUNCTION = YES;
				GCC_WARN_UNUSED_VARIABLE = YES;
				IPHONEOS_DEPLOYMENT_TARGET = 16.4;
				MTL_ENABLE_DEBUG_INFO = NO;
				MTL_FAST_MATH = YES;
				SDKROOT = iphoneos;
				SWIFT_COMPILATION_MODE = wholemodule;
				SWIFT_OPTIMIZATION_LEVEL = "-O";
				VALIDATE_PRODUCT = YES;
			};
			name = Release;
		};
		756C56AE2A9DE7CC00B8BBDA /* Debug */ = {
			isa = XCBuildConfiguration;
			buildSettings = {
				ASSETCATALOG_COMPILER_APPICON_NAME = AppIcon;
				ASSETCATALOG_COMPILER_GLOBAL_ACCENT_COLOR_NAME = AccentColor;
				CODE_SIGN_STYLE = Automatic;
				CURRENT_PROJECT_VERSION = 1;
				DEVELOPMENT_TEAM = QKXUJ9425T;
				GENERATE_INFOPLIST_FILE = YES;
				INFOPLIST_FILE = "RickAndMorty-Characters/Info.plist";
				INFOPLIST_KEY_UIApplicationSupportsIndirectInputEvents = YES;
				INFOPLIST_KEY_UILaunchStoryboardName = LaunchScreen;
				INFOPLIST_KEY_UIMainStoryboardFile = Main;
				INFOPLIST_KEY_UISupportedInterfaceOrientations_iPad = "UIInterfaceOrientationPortrait UIInterfaceOrientationPortraitUpsideDown UIInterfaceOrientationLandscapeLeft UIInterfaceOrientationLandscapeRight";
				INFOPLIST_KEY_UISupportedInterfaceOrientations_iPhone = "UIInterfaceOrientationPortrait UIInterfaceOrientationLandscapeLeft UIInterfaceOrientationLandscapeRight";
				LD_RUNPATH_SEARCH_PATHS = (
					"$(inherited)",
					"@executable_path/Frameworks",
				);
				MARKETING_VERSION = 1.0;
				PRODUCT_BUNDLE_IDENTIFIER = "Alerodca04.RickAndMorty-Characters";
				PRODUCT_NAME = "$(TARGET_NAME)";
				SWIFT_EMIT_LOC_STRINGS = YES;
				SWIFT_VERSION = 5.0;
				TARGETED_DEVICE_FAMILY = "1,2";
			};
			name = Debug;
		};
		756C56AF2A9DE7CC00B8BBDA /* Release */ = {
			isa = XCBuildConfiguration;
			buildSettings = {
				ASSETCATALOG_COMPILER_APPICON_NAME = AppIcon;
				ASSETCATALOG_COMPILER_GLOBAL_ACCENT_COLOR_NAME = AccentColor;
				CODE_SIGN_STYLE = Automatic;
				CURRENT_PROJECT_VERSION = 1;
				DEVELOPMENT_TEAM = QKXUJ9425T;
				GENERATE_INFOPLIST_FILE = YES;
				INFOPLIST_FILE = "RickAndMorty-Characters/Info.plist";
				INFOPLIST_KEY_UIApplicationSupportsIndirectInputEvents = YES;
				INFOPLIST_KEY_UILaunchStoryboardName = LaunchScreen;
				INFOPLIST_KEY_UIMainStoryboardFile = Main;
				INFOPLIST_KEY_UISupportedInterfaceOrientations_iPad = "UIInterfaceOrientationPortrait UIInterfaceOrientationPortraitUpsideDown UIInterfaceOrientationLandscapeLeft UIInterfaceOrientationLandscapeRight";
				INFOPLIST_KEY_UISupportedInterfaceOrientations_iPhone = "UIInterfaceOrientationPortrait UIInterfaceOrientationLandscapeLeft UIInterfaceOrientationLandscapeRight";
				LD_RUNPATH_SEARCH_PATHS = (
					"$(inherited)",
					"@executable_path/Frameworks",
				);
				MARKETING_VERSION = 1.0;
				PRODUCT_BUNDLE_IDENTIFIER = "Alerodca04.RickAndMorty-Characters";
				PRODUCT_NAME = "$(TARGET_NAME)";
				SWIFT_EMIT_LOC_STRINGS = YES;
				SWIFT_VERSION = 5.0;
				TARGETED_DEVICE_FAMILY = "1,2";
			};
			name = Release;
		};
/* End XCBuildConfiguration section */

/* Begin XCConfigurationList section */
		756C56942A9DE7CB00B8BBDA /* Build configuration list for PBXProject "RickAndMorty-Characters" */ = {
			isa = XCConfigurationList;
			buildConfigurations = (
				756C56AB2A9DE7CC00B8BBDA /* Debug */,
				756C56AC2A9DE7CC00B8BBDA /* Release */,
			);
			defaultConfigurationIsVisible = 0;
			defaultConfigurationName = Release;
		};
		756C56AD2A9DE7CC00B8BBDA /* Build configuration list for PBXNativeTarget "RickAndMorty-Characters" */ = {
			isa = XCConfigurationList;
			buildConfigurations = (
				756C56AE2A9DE7CC00B8BBDA /* Debug */,
				756C56AF2A9DE7CC00B8BBDA /* Release */,
			);
			defaultConfigurationIsVisible = 0;
			defaultConfigurationName = Release;
		};
/* End XCConfigurationList section */
	};
	rootObject = 756C56912A9DE7CB00B8BBDA /* Project object */;
}
